
Microsoft Visual Studio Solution File, Format Version 12.00
# Visual Studio Version 16
VisualStudioVersion = 16.0.33927.289
MinimumVisualStudioVersion = 10.0.40219.1
Project("{2150E333-8FDC-42A3-9474-1A3956D46DE8}") = "Review", "Review", "{6280C72E-C8E7-4992-A26D-7DDB55A6CA56}"
EndProject
Project("{FAE04EC0-301F-11D3-BF4B-00C04F79EFBC}") = "Tyuiu.ZakharovaYV.Review", "Tyuiu.ZakharovaYV.Review\Tyuiu.ZakharovaYV.Review.csproj", "{0F6C8765-F08F-46A8-8ED9-621A91FAEBEF}"
EndProject
Project("{FAE04EC0-301F-11D3-BF4B-00C04F79EFBC}") = "Tyuiu.ZakharovaYV.Review.Lib", "Tyuiu.ZakharovaYV.Review.Lib\Tyuiu.ZakharovaYV.Review.Lib.csproj", "{F7D81A62-1518-4026-8BA1-4C705802FC00}"
EndProject
Project("{FAE04EC0-301F-11D3-BF4B-00C04F79EFBC}") = "Tyuiu.ZakharovaYV.Review.Test", "Tyuiu.ZakharovaYV.Review.Test\Tyuiu.ZakharovaYV.Review.Test.csproj", "{58B975DF-ADFE-4E18-A12A-397D1522DD0A}"
EndProject
Global
	GlobalSection(SolutionConfigurationPlatforms) = preSolution
		Debug|Any CPU = Debug|Any CPU
		Release|Any CPU = Release|Any CPU
	EndGlobalSection
	GlobalSection(ProjectConfigurationPlatforms) = postSolution
		{0F6C8765-F08F-46A8-8ED9-621A91FAEBEF}.Debug|Any CPU.ActiveCfg = Debug|Any CPU
		{0F6C8765-F08F-46A8-8ED9-621A91FAEBEF}.Debug|Any CPU.Build.0 = Debug|Any CPU
		{0F6C8765-F08F-46A8-8ED9-621A91FAEBEF}.Release|Any CPU.ActiveCfg = Release|Any CPU
		{0F6C8765-F08F-46A8-8ED9-621A91FAEBEF}.Release|Any CPU.Build.0 = Release|Any CPU
		{F7D81A62-1518-4026-8BA1-4C705802FC00}.Debug|Any CPU.ActiveCfg = Debug|Any CPU
		{F7D81A62-1518-4026-8BA1-4C705802FC00}.Debug|Any CPU.Build.0 = Debug|Any CPU
		{F7D81A62-1518-4026-8BA1-4C705802FC00}.Release|Any CPU.ActiveCfg = Release|Any CPU
		{F7D81A62-1518-4026-8BA1-4C705802FC00}.Release|Any CPU.Build.0 = Release|Any CPU
		{58B975DF-ADFE-4E18-A12A-397D1522DD0A}.Debug|Any CPU.ActiveCfg = Debug|Any CPU
		{58B975DF-ADFE-4E18-A12A-397D1522DD0A}.Debug|Any CPU.Build.0 = Debug|Any CPU
		{58B975DF-ADFE-4E18-A12A-397D1522DD0A}.Release|Any CPU.ActiveCfg = Release|Any CPU
		{58B975DF-ADFE-4E18-A12A-397D1522DD0A}.Release|Any CPU.Build.0 = Release|Any CPU
	EndGlobalSection
	GlobalSection(SolutionProperties) = preSolution
		HideSolutionNode = FALSE
	EndGlobalSection
	GlobalSection(NestedProjects) = preSolution
		{0F6C8765-F08F-46A8-8ED9-621A91FAEBEF} = {6280C72E-C8E7-4992-A26D-7DDB55A6CA56}
		{F7D81A62-1518-4026-8BA1-4C705802FC00} = {6280C72E-C8E7-4992-A26D-7DDB55A6CA56}
		{58B975DF-ADFE-4E18-A12A-397D1522DD0A} = {6280C72E-C8E7-4992-A26D-7DDB55A6CA56}
	EndGlobalSection
	GlobalSection(ExtensibilityGlobals) = postSolution
		SolutionGuid = {B128F32B-F67C-4EFF-AB18-FC5B45F2A028}
	EndGlobalSection
EndGlobal
